// !$*UTF8*$!
{
	archiveVersion = 1;
	classes = {
	};
	objectVersion = 77;
	objects = {

/* Begin PBXBuildFile section */
		2604745F2E5595DA00172ADC /* PlayerCountView.swift in Sources */ = {isa = PBXBuildFile; fileRef = 260474542E5595DA00172ADC /* PlayerCountView.swift */; };
		260474602E5595DA00172ADC /* QuestionAcceptingViewModel.swift in Sources */ = {isa = PBXBuildFile; fileRef = 2604744E2E5595DA00172ADC /* QuestionAcceptingViewModel.swift */; };
		260474612E5595DA00172ADC /* PlayerCountViewModel.swift in Sources */ = {isa = PBXBuildFile; fileRef = 260474562E5595DA00172ADC /* PlayerCountViewModel.swift */; };
		260474622E5595DA00172ADC /* AppNameView.swift in Sources */ = {isa = PBXBuildFile; fileRef = 260474592E5595DA00172ADC /* AppNameView.swift */; };
		260474632E5595DA00172ADC /* QuestionAcceptingView.swift in Sources */ = {isa = PBXBuildFile; fileRef = 2604744B2E5595DA00172ADC /* QuestionAcceptingView.swift */; };
		260474642E5595DA00172ADC /* QuestionView.swift in Sources */ = {isa = PBXBuildFile; fileRef = 2604744C2E5595DA00172ADC /* QuestionView.swift */; };
		260474652E5595DA00172ADC /* SplashView.swift in Sources */ = {isa = PBXBuildFile; fileRef = 2604745A2E5595DA00172ADC /* SplashView.swift */; };
		260474662E5595DA00172ADC /* CustomNavigationView.swift in Sources */ = {isa = PBXBuildFile; fileRef = 260474512E5595DA00172ADC /* CustomNavigationView.swift */; };
		260474672E5595DA00172ADC /* CounterView.swift in Sources */ = {isa = PBXBuildFile; fileRef = 260474532E5595DA00172ADC /* CounterView.swift */; };
/* End PBXBuildFile section */

/* Begin PBXContainerItemProxy section */
		2641081D2E45BE0C00120501 /* PBXContainerItemProxy */ = {
			isa = PBXContainerItemProxy;
			containerPortal = 264108072E45BE0B00120501 /* Project object */;
			proxyType = 1;
			remoteGlobalIDString = 2641080E2E45BE0B00120501;
			remoteInfo = SpinDareGame;
		};
		264108272E45BE0C00120501 /* PBXContainerItemProxy */ = {
			isa = PBXContainerItemProxy;
			containerPortal = 264108072E45BE0B00120501 /* Project object */;
			proxyType = 1;
			remoteGlobalIDString = 2641080E2E45BE0B00120501;
			remoteInfo = SpinDareGame;
		};
/* End PBXContainerItemProxy section */

/* Begin PBXFileReference section */
		2604744B2E5595DA00172ADC /* QuestionAcceptingView.swift */ = {isa = PBXFileReference; lastKnownFileType = sourcecode.swift; path = QuestionAcceptingView.swift; sourceTree = "<group>"; };
		2604744C2E5595DA00172ADC /* QuestionView.swift */ = {isa = PBXFileReference; lastKnownFileType = sourcecode.swift; path = QuestionView.swift; sourceTree = "<group>"; };
		2604744E2E5595DA00172ADC /* QuestionAcceptingViewModel.swift */ = {isa = PBXFileReference; lastKnownFileType = sourcecode.swift; path = QuestionAcceptingViewModel.swift; sourceTree = "<group>"; };
		260474512E5595DA00172ADC /* CustomNavigationView.swift */ = {isa = PBXFileReference; lastKnownFileType = sourcecode.swift; path = CustomNavigationView.swift; sourceTree = "<group>"; };
		260474532E5595DA00172ADC /* CounterView.swift */ = {isa = PBXFileReference; lastKnownFileType = sourcecode.swift; path = CounterView.swift; sourceTree = "<group>"; };
		260474542E5595DA00172ADC /* PlayerCountView.swift */ = {isa = PBXFileReference; lastKnownFileType = sourcecode.swift; path = PlayerCountView.swift; sourceTree = "<group>"; };
		260474562E5595DA00172ADC /* PlayerCountViewModel.swift */ = {isa = PBXFileReference; lastKnownFileType = sourcecode.swift; path = PlayerCountViewModel.swift; sourceTree = "<group>"; };
		260474592E5595DA00172ADC /* AppNameView.swift */ = {isa = PBXFileReference; lastKnownFileType = sourcecode.swift; path = AppNameView.swift; sourceTree = "<group>"; };
		2604745A2E5595DA00172ADC /* SplashView.swift */ = {isa = PBXFileReference; lastKnownFileType = sourcecode.swift; path = SplashView.swift; sourceTree = "<group>"; };
		2641080F2E45BE0B00120501 /* SpinDareGame.app */ = {isa = PBXFileReference; explicitFileType = wrapper.application; includeInIndex = 0; path = SpinDareGame.app; sourceTree = BUILT_PRODUCTS_DIR; };
		2641081C2E45BE0C00120501 /* SpinDareGameTests.xctest */ = {isa = PBXFileReference; explicitFileType = wrapper.cfbundle; includeInIndex = 0; path = SpinDareGameTests.xctest; sourceTree = BUILT_PRODUCTS_DIR; };
		264108262E45BE0C00120501 /* SpinDareGameUITests.xctest */ = {isa = PBXFileReference; explicitFileType = wrapper.cfbundle; includeInIndex = 0; path = SpinDareGameUITests.xctest; sourceTree = BUILT_PRODUCTS_DIR; };
/* End PBXFileReference section */

/* Begin PBXFileSystemSynchronizedBuildFileExceptionSet section */
		26FA5AA72E532B3500C701FF /* Exceptions for "SpinDareGame" folder in "SpinDareGame" target */ = {
			isa = PBXFileSystemSynchronizedBuildFileExceptionSet;
			membershipExceptions = (
				Info.plist,
			);
			target = 2641080E2E45BE0B00120501 /* SpinDareGame */;
		};
/* End PBXFileSystemSynchronizedBuildFileExceptionSet section */

/* Begin PBXFileSystemSynchronizedRootGroup section */
		264108112E45BE0B00120501 /* SpinDareGame */ = {
			isa = PBXFileSystemSynchronizedRootGroup;
			exceptions = (
				26FA5AA72E532B3500C701FF /* Exceptions for "SpinDareGame" folder in "SpinDareGame" target */,
			);
			path = SpinDareGame;
			sourceTree = "<group>";
		};
		2641081F2E45BE0C00120501 /* SpinDareGameTests */ = {
			isa = PBXFileSystemSynchronizedRootGroup;
			path = SpinDareGameTests;
			sourceTree = "<group>";
		};
		264108292E45BE0C00120501 /* SpinDareGameUITests */ = {
			isa = PBXFileSystemSynchronizedRootGroup;
			path = SpinDareGameUITests;
			sourceTree = "<group>";
		};
		265B77FA2E5324FF00D22B49 /* Domain */ = {
			isa = PBXFileSystemSynchronizedRootGroup;
			path = Domain;
			sourceTree = "<group>";
		};
		265B77FC2E53251300D22B49 /* Infra */ = {
			isa = PBXFileSystemSynchronizedRootGroup;
			path = Infra;
			sourceTree = "<group>";
		};
		265B77FE2E53256600D22B49 /* App */ = {
			isa = PBXFileSystemSynchronizedRootGroup;
			path = App;
			sourceTree = "<group>";
		};
		265B78002E53268400D22B49 /* Resource */ = {
			isa = PBXFileSystemSynchronizedRootGroup;
			path = Resource;
			sourceTree = "<group>";
		};
/* End PBXFileSystemSynchronizedRootGroup section */

/* Begin PBXFrameworksBuildPhase section */
		2641080C2E45BE0B00120501 /* Frameworks */ = {
			isa = PBXFrameworksBuildPhase;
			buildActionMask = 2147483647;
			files = (
			);
			runOnlyForDeploymentPostprocessing = 0;
		};
		264108192E45BE0C00120501 /* Frameworks */ = {
			isa = PBXFrameworksBuildPhase;
			buildActionMask = 2147483647;
			files = (
			);
			runOnlyForDeploymentPostprocessing = 0;
		};
		264108232E45BE0C00120501 /* Frameworks */ = {
			isa = PBXFrameworksBuildPhase;
			buildActionMask = 2147483647;
			files = (
			);
			runOnlyForDeploymentPostprocessing = 0;
		};
/* End PBXFrameworksBuildPhase section */

/* Begin PBXGroup section */
		2604744D2E5595DA00172ADC /* View */ = {
			isa = PBXGroup;
			children = (
				2604744B2E5595DA00172ADC /* QuestionAcceptingView.swift */,
				2604744C2E5595DA00172ADC /* QuestionView.swift */,
			);
			path = View;
			sourceTree = "<group>";
		};
		2604744F2E5595DA00172ADC /* ViewModel */ = {
			isa = PBXGroup;
			children = (
				2604744E2E5595DA00172ADC /* QuestionAcceptingViewModel.swift */,
			);
			path = ViewModel;
			sourceTree = "<group>";
		};
		260474502E5595DA00172ADC /* 3QuestionAcceptingView */ = {
			isa = PBXGroup;
			children = (
				2604744D2E5595DA00172ADC /* View */,
				2604744F2E5595DA00172ADC /* ViewModel */,
			);
			path = 3QuestionAcceptingView;
			sourceTree = "<group>";
		};
		260474522E5595DA00172ADC /* Components */ = {
			isa = PBXGroup;
			children = (
				260474512E5595DA00172ADC /* CustomNavigationView.swift */,
			);
			path = Components;
			sourceTree = "<group>";
		};
		260474552E5595DA00172ADC /* View */ = {
			isa = PBXGroup;
			children = (
				260474532E5595DA00172ADC /* CounterView.swift */,
				260474542E5595DA00172ADC /* PlayerCountView.swift */,
			);
			path = View;
			sourceTree = "<group>";
		};
		260474572E5595DA00172ADC /* ViewModel */ = {
			isa = PBXGroup;
			children = (
				260474562E5595DA00172ADC /* PlayerCountViewModel.swift */,
			);
			path = ViewModel;
			sourceTree = "<group>";
		};
		260474582E5595DA00172ADC /* ScreenOnePlayerCountView */ = {
			isa = PBXGroup;
			children = (
				260474552E5595DA00172ADC /* View */,
				260474572E5595DA00172ADC /* ViewModel */,
			);
			path = ScreenOnePlayerCountView;
			sourceTree = "<group>";
		};
		2604745B2E5595DA00172ADC /* View */ = {
			isa = PBXGroup;
			children = (
				260474592E5595DA00172ADC /* AppNameView.swift */,
				2604745A2E5595DA00172ADC /* SplashView.swift */,
			);
			path = View;
			sourceTree = "<group>";
		};
		2604745C2E5595DA00172ADC /* SplashView */ = {
			isa = PBXGroup;
			children = (
				2604745B2E5595DA00172ADC /* View */,
			);
			path = SplashView;
			sourceTree = "<group>";
		};
		2604745D2E5595DA00172ADC /* Screens */ = {
			isa = PBXGroup;
			children = (
				260474502E5595DA00172ADC /* 3QuestionAcceptingView */,
				260474522E5595DA00172ADC /* Components */,
				260474582E5595DA00172ADC /* ScreenOnePlayerCountView */,
				2604745C2E5595DA00172ADC /* SplashView */,
			);
			path = Screens;
			sourceTree = "<group>";
		};
		2604745E2E5595DA00172ADC /* Present 2 */ = {
			isa = PBXGroup;
			children = (
				2604745D2E5595DA00172ADC /* Screens */,
			);
			path = "Present 2";
			sourceTree = "<group>";
		};
		264108062E45BE0B00120501 = {
			isa = PBXGroup;
			children = (
				2604745E2E5595DA00172ADC /* Present 2 */,
				265B78002E53268400D22B49 /* Resource */,
				265B77FE2E53256600D22B49 /* App */,
				265B77FC2E53251300D22B49 /* Infra */,
				265B77FA2E5324FF00D22B49 /* Domain */,
				264108112E45BE0B00120501 /* SpinDareGame */,
				2641081F2E45BE0C00120501 /* SpinDareGameTests */,
				264108292E45BE0C00120501 /* SpinDareGameUITests */,
				264108102E45BE0B00120501 /* Products */,
			);
			sourceTree = "<group>";
		};
		264108102E45BE0B00120501 /* Products */ = {
			isa = PBXGroup;
			children = (
				2641080F2E45BE0B00120501 /* SpinDareGame.app */,
				2641081C2E45BE0C00120501 /* SpinDareGameTests.xctest */,
				264108262E45BE0C00120501 /* SpinDareGameUITests.xctest */,
			);
			name = Products;
			sourceTree = "<group>";
		};
/* End PBXGroup section */

/* Begin PBXNativeTarget section */
		2641080E2E45BE0B00120501 /* SpinDareGame */ = {
			isa = PBXNativeTarget;
			buildConfigurationList = 264108302E45BE0C00120501 /* Build configuration list for PBXNativeTarget "SpinDareGame" */;
			buildPhases = (
				2641080B2E45BE0B00120501 /* Sources */,
				2641080C2E45BE0B00120501 /* Frameworks */,
				2641080D2E45BE0B00120501 /* Resources */,
			);
			buildRules = (
			);
			dependencies = (
			);
			fileSystemSynchronizedGroups = (
				264108112E45BE0B00120501 /* SpinDareGame */,
				265B77FA2E5324FF00D22B49 /* Domain */,
				265B77FC2E53251300D22B49 /* Infra */,
				265B77FE2E53256600D22B49 /* App */,
				265B78002E53268400D22B49 /* Resource */,
			);
			name = SpinDareGame;
			packageProductDependencies = (
			);
			productName = SpinDareGame;
			productReference = 2641080F2E45BE0B00120501 /* SpinDareGame.app */;
			productType = "com.apple.product-type.application";
		};
		2641081B2E45BE0C00120501 /* SpinDareGameTests */ = {
			isa = PBXNativeTarget;
			buildConfigurationList = 264108332E45BE0C00120501 /* Build configuration list for PBXNativeTarget "SpinDareGameTests" */;
			buildPhases = (
				264108182E45BE0C00120501 /* Sources */,
				264108192E45BE0C00120501 /* Frameworks */,
				2641081A2E45BE0C00120501 /* Resources */,
			);
			buildRules = (
			);
			dependencies = (
				2641081E2E45BE0C00120501 /* PBXTargetDependency */,
			);
			fileSystemSynchronizedGroups = (
				2641081F2E45BE0C00120501 /* SpinDareGameTests */,
			);
			name = SpinDareGameTests;
			packageProductDependencies = (
			);
			productName = SpinDareGameTests;
			productReference = 2641081C2E45BE0C00120501 /* SpinDareGameTests.xctest */;
			productType = "com.apple.product-type.bundle.unit-test";
		};
		264108252E45BE0C00120501 /* SpinDareGameUITests */ = {
			isa = PBXNativeTarget;
			buildConfigurationList = 264108362E45BE0C00120501 /* Build configuration list for PBXNativeTarget "SpinDareGameUITests" */;
			buildPhases = (
				264108222E45BE0C00120501 /* Sources */,
				264108232E45BE0C00120501 /* Frameworks */,
				264108242E45BE0C00120501 /* Resources */,
			);
			buildRules = (
			);
			dependencies = (
				264108282E45BE0C00120501 /* PBXTargetDependency */,
			);
			fileSystemSynchronizedGroups = (
				264108292E45BE0C00120501 /* SpinDareGameUITests */,
			);
			name = SpinDareGameUITests;
			packageProductDependencies = (
			);
			productName = SpinDareGameUITests;
			productReference = 264108262E45BE0C00120501 /* SpinDareGameUITests.xctest */;
			productType = "com.apple.product-type.bundle.ui-testing";
		};
/* End PBXNativeTarget section */

/* Begin PBXProject section */
		264108072E45BE0B00120501 /* Project object */ = {
			isa = PBXProject;
			attributes = {
				BuildIndependentTargetsInParallel = 1;
				LastSwiftUpdateCheck = 1630;
				LastUpgradeCheck = 1630;
				TargetAttributes = {
					2641080E2E45BE0B00120501 = {
						CreatedOnToolsVersion = 16.3;
					};
					2641081B2E45BE0C00120501 = {
						CreatedOnToolsVersion = 16.3;
						TestTargetID = 2641080E2E45BE0B00120501;
					};
					264108252E45BE0C00120501 = {
						CreatedOnToolsVersion = 16.3;
						TestTargetID = 2641080E2E45BE0B00120501;
					};
				};
			};
			buildConfigurationList = 2641080A2E45BE0B00120501 /* Build configuration list for PBXProject "SpinDareGame" */;
			developmentRegion = en;
			hasScannedForEncodings = 0;
			knownRegions = (
				en,
				Base,
			);
			mainGroup = 264108062E45BE0B00120501;
			minimizedProjectReferenceProxies = 1;
			packageReferences = (
				2642BC0F2E4C9C3900CA30E1 /* XCRemoteSwiftPackageReference "swiftui-introspect" */,
			);
			preferredProjectObjectVersion = 77;
			productRefGroup = 264108102E45BE0B00120501 /* Products */;
			projectDirPath = "";
			projectRoot = "";
			targets = (
				2641080E2E45BE0B00120501 /* SpinDareGame */,
				2641081B2E45BE0C00120501 /* SpinDareGameTests */,
				264108252E45BE0C00120501 /* SpinDareGameUITests */,
			);
		};
/* End PBXProject section */

/* Begin PBXResourcesBuildPhase section */
		2641080D2E45BE0B00120501 /* Resources */ = {
			isa = PBXResourcesBuildPhase;
			buildActionMask = 2147483647;
			files = (
			);
			runOnlyForDeploymentPostprocessing = 0;
		};
		2641081A2E45BE0C00120501 /* Resources */ = {
			isa = PBXResourcesBuildPhase;
			buildActionMask = 2147483647;
			files = (
			);
			runOnlyForDeploymentPostprocessing = 0;
		};
		264108242E45BE0C00120501 /* Resources */ = {
			isa = PBXResourcesBuildPhase;
			buildActionMask = 2147483647;
			files = (
			);
			runOnlyForDeploymentPostprocessing = 0;
		};
/* End PBXResourcesBuildPhase section */

/* Begin PBXSourcesBuildPhase section */
		2641080B2E45BE0B00120501 /* Sources */ = {
			isa = PBXSourcesBuildPhase;
			buildActionMask = 2147483647;
			files = (
				2604745F2E5595DA00172ADC /* PlayerCountView.swift in Sources */,
				260474602E5595DA00172ADC /* QuestionAcceptingViewModel.swift in Sources */,
				260474612E5595DA00172ADC /* PlayerCountViewModel.swift in Sources */,
				260474622E5595DA00172ADC /* AppNameView.swift in Sources */,
				260474632E5595DA00172ADC /* QuestionAcceptingView.swift in Sources */,
				260474642E5595DA00172ADC /* QuestionView.swift in Sources */,
				260474652E5595DA00172ADC /* SplashView.swift in Sources */,
				260474662E5595DA00172ADC /* CustomNavigationView.swift in Sources */,
				260474672E5595DA00172ADC /* CounterView.swift in Sources */,
			);
			runOnlyForDeploymentPostprocessing = 0;
		};
		264108182E45BE0C00120501 /* Sources */ = {
			isa = PBXSourcesBuildPhase;
			buildActionMask = 2147483647;
			files = (
			);
			runOnlyForDeploymentPostprocessing = 0;
		};
		264108222E45BE0C00120501 /* Sources */ = {
			isa = PBXSourcesBuildPhase;
			buildActionMask = 2147483647;
			files = (
			);
			runOnlyForDeploymentPostprocessing = 0;
		};
/* End PBXSourcesBuildPhase section */

/* Begin PBXTargetDependency section */
		2641081E2E45BE0C00120501 /* PBXTargetDependency */ = {
			isa = PBXTargetDependency;
			target = 2641080E2E45BE0B00120501 /* SpinDareGame */;
			targetProxy = 2641081D2E45BE0C00120501 /* PBXContainerItemProxy */;
		};
		264108282E45BE0C00120501 /* PBXTargetDependency */ = {
			isa = PBXTargetDependency;
			target = 2641080E2E45BE0B00120501 /* SpinDareGame */;
			targetProxy = 264108272E45BE0C00120501 /* PBXContainerItemProxy */;
		};
/* End PBXTargetDependency section */

/* Begin XCBuildConfiguration section */
		2641082E2E45BE0C00120501 /* Debug */ = {
			isa = XCBuildConfiguration;
			buildSettings = {
				ALWAYS_SEARCH_USER_PATHS = NO;
				ASSETCATALOG_COMPILER_GENERATE_SWIFT_ASSET_SYMBOL_EXTENSIONS = YES;
				CLANG_ANALYZER_NONNULL = YES;
				CLANG_ANALYZER_NUMBER_OBJECT_CONVERSION = YES_AGGRESSIVE;
				CLANG_CXX_LANGUAGE_STANDARD = "gnu++20";
				CLANG_ENABLE_MODULES = YES;
				CLANG_ENABLE_OBJC_ARC = YES;
				CLANG_ENABLE_OBJC_WEAK = YES;
				CLANG_WARN_BLOCK_CAPTURE_AUTORELEASING = YES;
				CLANG_WARN_BOOL_CONVERSION = YES;
				CLANG_WARN_COMMA = YES;
				CLANG_WARN_CONSTANT_CONVERSION = YES;
				CLANG_WARN_DEPRECATED_OBJC_IMPLEMENTATIONS = YES;
				CLANG_WARN_DIRECT_OBJC_ISA_USAGE = YES_ERROR;
				CLANG_WARN_DOCUMENTATION_COMMENTS = YES;
				CLANG_WARN_EMPTY_BODY = YES;
				CLANG_WARN_ENUM_CONVERSION = YES;
				CLANG_WARN_INFINITE_RECURSION = YES;
				CLANG_WARN_INT_CONVERSION = YES;
				CLANG_WARN_NON_LITERAL_NULL_CONVERSION = YES;
				CLANG_WARN_OBJC_IMPLICIT_RETAIN_SELF = YES;
				CLANG_WARN_OBJC_LITERAL_CONVERSION = YES;
				CLANG_WARN_OBJC_ROOT_CLASS = YES_ERROR;
				CLANG_WARN_QUOTED_INCLUDE_IN_FRAMEWORK_HEADER = YES;
				CLANG_WARN_RANGE_LOOP_ANALYSIS = YES;
				CLANG_WARN_STRICT_PROTOTYPES = YES;
				CLANG_WARN_SUSPICIOUS_MOVE = YES;
				CLANG_WARN_UNGUARDED_AVAILABILITY = YES_AGGRESSIVE;
				CLANG_WARN_UNREACHABLE_CODE = YES;
				CLANG_WARN__DUPLICATE_METHOD_MATCH = YES;
				COPY_PHASE_STRIP = NO;
				DEBUG_INFORMATION_FORMAT = dwarf;
				ENABLE_STRICT_OBJC_MSGSEND = YES;
				ENABLE_TESTABILITY = YES;
				ENABLE_USER_SCRIPT_SANDBOXING = YES;
				GCC_C_LANGUAGE_STANDARD = gnu17;
				GCC_DYNAMIC_NO_PIC = NO;
				GCC_NO_COMMON_BLOCKS = YES;
				GCC_OPTIMIZATION_LEVEL = 0;
				GCC_PREPROCESSOR_DEFINITIONS = (
					"DEBUG=1",
					"$(inherited)",
				);
				GCC_WARN_64_TO_32_BIT_CONVERSION = YES;
				GCC_WARN_ABOUT_RETURN_TYPE = YES_ERROR;
				GCC_WARN_UNDECLARED_SELECTOR = YES;
				GCC_WARN_UNINITIALIZED_AUTOS = YES_AGGRESSIVE;
				GCC_WARN_UNUSED_FUNCTION = YES;
				GCC_WARN_UNUSED_VARIABLE = YES;
				IPHONEOS_DEPLOYMENT_TARGET = 18.4;
				LOCALIZATION_PREFERS_STRING_CATALOGS = YES;
				MTL_ENABLE_DEBUG_INFO = INCLUDE_SOURCE;
				MTL_FAST_MATH = YES;
				ONLY_ACTIVE_ARCH = YES;
				SDKROOT = iphoneos;
				SWIFT_ACTIVE_COMPILATION_CONDITIONS = "DEBUG $(inherited)";
				SWIFT_OPTIMIZATION_LEVEL = "-Onone";
			};
			name = Debug;
		};
		2641082F2E45BE0C00120501 /* Release */ = {
			isa = XCBuildConfiguration;
			buildSettings = {
				ALWAYS_SEARCH_USER_PATHS = NO;
				ASSETCATALOG_COMPILER_GENERATE_SWIFT_ASSET_SYMBOL_EXTENSIONS = YES;
				CLANG_ANALYZER_NONNULL = YES;
				CLANG_ANALYZER_NUMBER_OBJECT_CONVERSION = YES_AGGRESSIVE;
				CLANG_CXX_LANGUAGE_STANDARD = "gnu++20";
				CLANG_ENABLE_MODULES = YES;
				CLANG_ENABLE_OBJC_ARC = YES;
				CLANG_ENABLE_OBJC_WEAK = YES;
				CLANG_WARN_BLOCK_CAPTURE_AUTORELEASING = YES;
				CLANG_WARN_BOOL_CONVERSION = YES;
				CLANG_WARN_COMMA = YES;
				CLANG_WARN_CONSTANT_CONVERSION = YES;
				CLANG_WARN_DEPRECATED_OBJC_IMPLEMENTATIONS = YES;
				CLANG_WARN_DIRECT_OBJC_ISA_USAGE = YES_ERROR;
				CLANG_WARN_DOCUMENTATION_COMMENTS = YES;
				CLANG_WARN_EMPTY_BODY = YES;
				CLANG_WARN_ENUM_CONVERSION = YES;
				CLANG_WARN_INFINITE_RECURSION = YES;
				CLANG_WARN_INT_CONVERSION = YES;
				CLANG_WARN_NON_LITERAL_NULL_CONVERSION = YES;
				CLANG_WARN_OBJC_IMPLICIT_RETAIN_SELF = YES;
				CLANG_WARN_OBJC_LITERAL_CONVERSION = YES;
				CLANG_WARN_OBJC_ROOT_CLASS = YES_ERROR;
				CLANG_WARN_QUOTED_INCLUDE_IN_FRAMEWORK_HEADER = YES;
				CLANG_WARN_RANGE_LOOP_ANALYSIS = YES;
				CLANG_WARN_STRICT_PROTOTYPES = YES;
				CLANG_WARN_SUSPICIOUS_MOVE = YES;
				CLANG_WARN_UNGUARDED_AVAILABILITY = YES_AGGRESSIVE;
				CLANG_WARN_UNREACHABLE_CODE = YES;
				CLANG_WARN__DUPLICATE_METHOD_MATCH = YES;
				COPY_PHASE_STRIP = NO;
				DEBUG_INFORMATION_FORMAT = "dwarf-with-dsym";
				ENABLE_NS_ASSERTIONS = NO;
				ENABLE_STRICT_OBJC_MSGSEND = YES;
				ENABLE_USER_SCRIPT_SANDBOXING = YES;
				GCC_C_LANGUAGE_STANDARD = gnu17;
				GCC_NO_COMMON_BLOCKS = YES;
				GCC_WARN_64_TO_32_BIT_CONVERSION = YES;
				GCC_WARN_ABOUT_RETURN_TYPE = YES_ERROR;
				GCC_WARN_UNDECLARED_SELECTOR = YES;
				GCC_WARN_UNINITIALIZED_AUTOS = YES_AGGRESSIVE;
				GCC_WARN_UNUSED_FUNCTION = YES;
				GCC_WARN_UNUSED_VARIABLE = YES;
				IPHONEOS_DEPLOYMENT_TARGET = 18.4;
				LOCALIZATION_PREFERS_STRING_CATALOGS = YES;
				MTL_ENABLE_DEBUG_INFO = NO;
				MTL_FAST_MATH = YES;
				SDKROOT = iphoneos;
				SWIFT_COMPILATION_MODE = wholemodule;
				VALIDATE_PRODUCT = YES;
			};
			name = Release;
		};
		264108312E45BE0C00120501 /* Debug */ = {
			isa = XCBuildConfiguration;
			buildSettings = {
				ASSETCATALOG_COMPILER_APPICON_NAME = AppIcon;
				ASSETCATALOG_COMPILER_GLOBAL_ACCENT_COLOR_NAME = AccentColor;
				CODE_SIGN_IDENTITY = "Apple Development";
				CODE_SIGN_STYLE = Automatic;
				CURRENT_PROJECT_VERSION = 1;
				DEVELOPMENT_TEAM = FAG97654ZN;
				ENABLE_PREVIEWS = YES;
				GENERATE_INFOPLIST_FILE = YES;
				INFOPLIST_FILE = SpinDareGame/Info.plist;
				INFOPLIST_KEY_UIApplicationSceneManifest_Generation = YES;
				INFOPLIST_KEY_UIApplicationSupportsIndirectInputEvents = YES;
				INFOPLIST_KEY_UISupportedInterfaceOrientations_iPad = "UIInterfaceOrientationPortrait UIInterfaceOrientationPortraitUpsideDown UIInterfaceOrientationLandscapeLeft UIInterfaceOrientationLandscapeRight";
				INFOPLIST_KEY_UISupportedInterfaceOrientations_iPhone = "UIInterfaceOrientationPortrait UIInterfaceOrientationLandscapeLeft UIInterfaceOrientationLandscapeRight";
				LD_RUNPATH_SEARCH_PATHS = (
					"$(inherited)",
					"@executable_path/Frameworks",
				);
				MARKETING_VERSION = 1.0;
				PRODUCT_BUNDLE_IDENTIFIER = Trenser.SpinDareGame;
				PRODUCT_NAME = "$(TARGET_NAME)";
				PROVISIONING_PROFILE_SPECIFIER = "";
				SWIFT_EMIT_LOC_STRINGS = YES;
				SWIFT_VERSION = 5.0;
				TARGETED_DEVICE_FAMILY = "1,2";
			};
			name = Debug;
		};
		264108322E45BE0C00120501 /* Release */ = {
			isa = XCBuildConfiguration;
			buildSettings = {
				ASSETCATALOG_COMPILER_APPICON_NAME = AppIcon;
				ASSETCATALOG_COMPILER_GLOBAL_ACCENT_COLOR_NAME = AccentColor;
				CODE_SIGN_IDENTITY = "Apple Development";
				CODE_SIGN_STYLE = Automatic;
				CURRENT_PROJECT_VERSION = 1;
				DEVELOPMENT_TEAM = FAG97654ZN;
				ENABLE_PREVIEWS = YES;
				GENERATE_INFOPLIST_FILE = YES;
				INFOPLIST_FILE = SpinDareGame/Info.plist;
				INFOPLIST_KEY_UIApplicationSceneManifest_Generation = YES;
				INFOPLIST_KEY_UIApplicationSupportsIndirectInputEvents = YES;
				INFOPLIST_KEY_UISupportedInterfaceOrientations_iPad = "UIInterfaceOrientationPortrait UIInterfaceOrientationPortraitUpsideDown UIInterfaceOrientationLandscapeLeft UIInterfaceOrientationLandscapeRight";
				INFOPLIST_KEY_UISupportedInterfaceOrientations_iPhone = "UIInterfaceOrientationPortrait UIInterfaceOrientationLandscapeLeft UIInterfaceOrientationLandscapeRight";
				LD_RUNPATH_SEARCH_PATHS = (
					"$(inherited)",
					"@executable_path/Frameworks",
				);
				MARKETING_VERSION = 1.0;
				PRODUCT_BUNDLE_IDENTIFIER = Trenser.SpinDareGame;
				PRODUCT_NAME = "$(TARGET_NAME)";
				PROVISIONING_PROFILE_SPECIFIER = "";
				SWIFT_EMIT_LOC_STRINGS = YES;
				SWIFT_VERSION = 5.0;
				TARGETED_DEVICE_FAMILY = "1,2";
			};
			name = Release;
		};
		264108342E45BE0C00120501 /* Debug */ = {
			isa = XCBuildConfiguration;
			buildSettings = {
				BUNDLE_LOADER = "$(TEST_HOST)";
				CODE_SIGN_STYLE = Automatic;
				CURRENT_PROJECT_VERSION = 1;
				DEVELOPMENT_TEAM = FAG97654ZN;
				GENERATE_INFOPLIST_FILE = YES;
				IPHONEOS_DEPLOYMENT_TARGET = 18.4;
				MARKETING_VERSION = 1.0;
				PRODUCT_BUNDLE_IDENTIFIER = Trenser.SpinDareGameTests;
				PRODUCT_NAME = "$(TARGET_NAME)";
				SWIFT_EMIT_LOC_STRINGS = NO;
				SWIFT_VERSION = 5.0;
				TARGETED_DEVICE_FAMILY = "1,2";
				TEST_HOST = "$(BUILT_PRODUCTS_DIR)/SpinDareGame.app/$(BUNDLE_EXECUTABLE_FOLDER_PATH)/SpinDareGame";
			};
			name = Debug;
		};
		264108352E45BE0C00120501 /* Release */ = {
			isa = XCBuildConfiguration;
			buildSettings = {
				BUNDLE_LOADER = "$(TEST_HOST)";
				CODE_SIGN_STYLE = Automatic;
				CURRENT_PROJECT_VERSION = 1;
				DEVELOPMENT_TEAM = FAG97654ZN;
				GENERATE_INFOPLIST_FILE = YES;
				IPHONEOS_DEPLOYMENT_TARGET = 18.4;
				MARKETING_VERSION = 1.0;
				PRODUCT_BUNDLE_IDENTIFIER = Trenser.SpinDareGameTests;
				PRODUCT_NAME = "$(TARGET_NAME)";
				SWIFT_EMIT_LOC_STRINGS = NO;
				SWIFT_VERSION = 5.0;
				TARGETED_DEVICE_FAMILY = "1,2";
				TEST_HOST = "$(BUILT_PRODUCTS_DIR)/SpinDareGame.app/$(BUNDLE_EXECUTABLE_FOLDER_PATH)/SpinDareGame";
			};
			name = Release;
		};
		264108372E45BE0C00120501 /* Debug */ = {
			isa = XCBuildConfiguration;
			buildSettings = {
				CODE_SIGN_STYLE = Automatic;
				CURRENT_PROJECT_VERSION = 1;
				DEVELOPMENT_TEAM = FAG97654ZN;
				GENERATE_INFOPLIST_FILE = YES;
				MARKETING_VERSION = 1.0;
				PRODUCT_BUNDLE_IDENTIFIER = Trenser.SpinDareGameUITests;
				PRODUCT_NAME = "$(TARGET_NAME)";
				SWIFT_EMIT_LOC_STRINGS = NO;
				SWIFT_VERSION = 5.0;
				TARGETED_DEVICE_FAMILY = "1,2";
				TEST_TARGET_NAME = SpinDareGame;
			};
			name = Debug;
		};
		264108382E45BE0C00120501 /* Release */ = {
			isa = XCBuildConfiguration;
			buildSettings = {
				CODE_SIGN_STYLE = Automatic;
				CURRENT_PROJECT_VERSION = 1;
				DEVELOPMENT_TEAM = FAG97654ZN;
				GENERATE_INFOPLIST_FILE = YES;
				MARKETING_VERSION = 1.0;
				PRODUCT_BUNDLE_IDENTIFIER = Trenser.SpinDareGameUITests;
				PRODUCT_NAME = "$(TARGET_NAME)";
				SWIFT_EMIT_LOC_STRINGS = NO;
				SWIFT_VERSION = 5.0;
				TARGETED_DEVICE_FAMILY = "1,2";
				TEST_TARGET_NAME = SpinDareGame;
			};
			name = Release;
		};
/* End XCBuildConfiguration section */

/* Begin XCConfigurationList section */
		2641080A2E45BE0B00120501 /* Build configuration list for PBXProject "SpinDareGame" */ = {
			isa = XCConfigurationList;
			buildConfigurations = (
				2641082E2E45BE0C00120501 /* Debug */,
				2641082F2E45BE0C00120501 /* Release */,
			);
			defaultConfigurationIsVisible = 0;
			defaultConfigurationName = Release;
		};
		264108302E45BE0C00120501 /* Build configuration list for PBXNativeTarget "SpinDareGame" */ = {
			isa = XCConfigurationList;
			buildConfigurations = (
				264108312E45BE0C00120501 /* Debug */,
				264108322E45BE0C00120501 /* Release */,
			);
			defaultConfigurationIsVisible = 0;
			defaultConfigurationName = Release;
		};
		264108332E45BE0C00120501 /* Build configuration list for PBXNativeTarget "SpinDareGameTests" */ = {
			isa = XCConfigurationList;
			buildConfigurations = (
				264108342E45BE0C00120501 /* Debug */,
				264108352E45BE0C00120501 /* Release */,
			);
			defaultConfigurationIsVisible = 0;
			defaultConfigurationName = Release;
		};
		264108362E45BE0C00120501 /* Build configuration list for PBXNativeTarget "SpinDareGameUITests" */ = {
			isa = XCConfigurationList;
			buildConfigurations = (
				264108372E45BE0C00120501 /* Debug */,
				264108382E45BE0C00120501 /* Release */,
			);
			defaultConfigurationIsVisible = 0;
			defaultConfigurationName = Release;
		};
/* End XCConfigurationList section */

/* Begin XCRemoteSwiftPackageReference section */
		2642BC0F2E4C9C3900CA30E1 /* XCRemoteSwiftPackageReference "swiftui-introspect" */ = {
			isa = XCRemoteSwiftPackageReference;
			repositoryURL = "https://github.com/siteline/swiftui-introspect";
			requirement = {
				kind = upToNextMajorVersion;
				minimumVersion = 1.3.0;
			};
		};
/* End XCRemoteSwiftPackageReference section */
	};
	rootObject = 264108072E45BE0B00120501 /* Project object */;
}
